PODS:
  - GAInfiniteCollectionKit-iOS (1.0.0)

DEPENDENCIES:
  - GAInfiniteCollectionKit-iOS (from `../`)

EXTERNAL SOURCES:
  GAInfiniteCollectionKit-iOS:
    :path: "../"

SPEC CHECKSUMS:
  GAInfiniteCollectionKit-iOS: c8961585f196d3c0f52901b755ade8c5d3aaa75f

PODFILE CHECKSUM: fe05178780b61a7fb835728d7df8fdb6bfdc852f

COCOAPODS: 1.5.3
