PODS:
  - GAInfiniteCollectionKit-iOS (2.2.0)

DEPENDENCIES:
  - GAInfiniteCollectionKit-iOS (from `../`)

EXTERNAL SOURCES:
  GAInfiniteCollectionKit-iOS:
    :path: "../"

SPEC CHECKSUMS:
  GAInfiniteCollectionKit-iOS: b25f1963c67fa8fbbf8c6f1ebbaa049ed2e8b406

PODFILE CHECKSUM: fe05178780b61a7fb835728d7df8fdb6bfdc852f

COCOAPODS: 1.7.1
